
Microsoft Visual Studio Solution File, Format Version 12.00
# Visual Studio Version 17
VisualStudioVersion = 17.10.35013.160
MinimumVisualStudioVersion = 10.0.40219.1
Project("{FAE04EC0-301F-11D3-BF4B-00C04F79EFBC}") = "ChatAppWithSignalR", "ChatAppWithSignalR\ChatAppWithSignalR.csproj", "{44BAF58B-88F8-4225-A5A1-26BAC13B3593}"
EndProject
Global
	GlobalSection(SolutionConfigurationPlatforms) = preSolution
		Debug|Any CPU = Debug|Any CPU
		Release|Any CPU = Release|Any CPU
	EndGlobalSection
	GlobalSection(ProjectConfigurationPlatforms) = postSolution
		{44BAF58B-88F8-4225-A5A1-26BAC13B3593}.Debug|Any CPU.ActiveCfg = Debug|Any CPU
		{44BAF58B-88F8-4225-A5A1-26BAC13B3593}.Debug|Any CPU.Build.0 = Debug|Any CPU
		{44BAF58B-88F8-4225-A5A1-26BAC13B3593}.Release|Any CPU.ActiveCfg = Release|Any CPU
		{44BAF58B-88F8-4225-A5A1-26BAC13B3593}.Release|Any CPU.Build.0 = Release|Any CPU
	EndGlobalSection
	GlobalSection(SolutionProperties) = preSolution
		HideSolutionNode = FALSE
	EndGlobalSection
	GlobalSection(ExtensibilityGlobals) = postSolution
		SolutionGuid = {026B18E5-A8BC-4434-BB4D-4719BCC927B8}
	EndGlobalSection
EndGlobal
